
Microsoft Visual Studio Solution File, Format Version 12.00
# Visual Studio Version 17
VisualStudioVersion = 17.8.34316.72
MinimumVisualStudioVersion = 10.0.40219.1
Project("{9A19103F-16F7-4668-BE54-9A1E7A4F7556}") = "PicoForum", "PicoForum\PicoForum.csproj", "{030597F1-0C6F-481B-91F1-4DEA96C34943}"
EndProject
Global
	GlobalSection(SolutionConfigurationPlatforms) = preSolution
		Debug|Any CPU = Debug|Any CPU
		Release|Any CPU = Release|Any CPU
	EndGlobalSection
	GlobalSection(ProjectConfigurationPlatforms) = postSolution
		{030597F1-0C6F-481B-91F1-4DEA96C34943}.Debug|Any CPU.ActiveCfg = Debug|Any CPU
		{030597F1-0C6F-481B-91F1-4DEA96C34943}.Debug|Any CPU.Build.0 = Debug|Any CPU
		{030597F1-0C6F-481B-91F1-4DEA96C34943}.Release|Any CPU.ActiveCfg = Release|Any CPU
		{030597F1-0C6F-481B-91F1-4DEA96C34943}.Release|Any CPU.Build.0 = Release|Any CPU
	EndGlobalSection
	GlobalSection(SolutionProperties) = preSolution
		HideSolutionNode = FALSE
	EndGlobalSection
	GlobalSection(ExtensibilityGlobals) = postSolution
		SolutionGuid = {806F0F37-DC46-4589-AFF8-F75F695F96C1}
	EndGlobalSection
EndGlobal
